
Microsoft Visual Studio Solution File, Format Version 12.00
# Visual Studio Version 17
VisualStudioVersion = 17.9.34728.123
MinimumVisualStudioVersion = 10.0.40219.1
Project("{FAE04EC0-301F-11D3-BF4B-00C04F79EFBC}") = "DVLDD project", "DVLDD project.csproj", "{E101F183-4DFA-418F-B99C-B013F0DBEF56}"
EndProject
Project("{FAE04EC0-301F-11D3-BF4B-00C04F79EFBC}") = "DVLDD_Business", "..\DVLDD_Business\DVLDD_Business.csproj", "{FAD905DB-7291-4A7B-BF83-081940CFBE9C}"
EndProject
Project("{FAE04EC0-301F-11D3-BF4B-00C04F79EFBC}") = "DVLDD_Data", "..\DVLDD_Data\DVLDD_Data.csproj", "{F91110D1-E8BA-4833-9FED-3C858CDB9CE9}"
EndProject
Global
	GlobalSection(SolutionConfigurationPlatforms) = preSolution
		Debug|Any CPU = Debug|Any CPU
		Release|Any CPU = Release|Any CPU
	EndGlobalSection
	GlobalSection(ProjectConfigurationPlatforms) = postSolution
		{E101F183-4DFA-418F-B99C-B013F0DBEF56}.Debug|Any CPU.ActiveCfg = Debug|Any CPU
		{E101F183-4DFA-418F-B99C-B013F0DBEF56}.Debug|Any CPU.Build.0 = Debug|Any CPU
		{E101F183-4DFA-418F-B99C-B013F0DBEF56}.Release|Any CPU.ActiveCfg = Release|Any CPU
		{E101F183-4DFA-418F-B99C-B013F0DBEF56}.Release|Any CPU.Build.0 = Release|Any CPU
		{FAD905DB-7291-4A7B-BF83-081940CFBE9C}.Debug|Any CPU.ActiveCfg = Debug|Any CPU
		{FAD905DB-7291-4A7B-BF83-081940CFBE9C}.Debug|Any CPU.Build.0 = Debug|Any CPU
		{FAD905DB-7291-4A7B-BF83-081940CFBE9C}.Release|Any CPU.ActiveCfg = Release|Any CPU
		{FAD905DB-7291-4A7B-BF83-081940CFBE9C}.Release|Any CPU.Build.0 = Release|Any CPU
		{F91110D1-E8BA-4833-9FED-3C858CDB9CE9}.Debug|Any CPU.ActiveCfg = Debug|Any CPU
		{F91110D1-E8BA-4833-9FED-3C858CDB9CE9}.Debug|Any CPU.Build.0 = Debug|Any CPU
		{F91110D1-E8BA-4833-9FED-3C858CDB9CE9}.Release|Any CPU.ActiveCfg = Release|Any CPU
		{F91110D1-E8BA-4833-9FED-3C858CDB9CE9}.Release|Any CPU.Build.0 = Release|Any CPU
	EndGlobalSection
	GlobalSection(SolutionProperties) = preSolution
		HideSolutionNode = FALSE
	EndGlobalSection
	GlobalSection(ExtensibilityGlobals) = postSolution
		SolutionGuid = {01847064-56BB-4812-8004-6BCFD61C8E1F}
	EndGlobalSection
EndGlobal
